
Microsoft Visual Studio Solution File, Format Version 12.00
# Visual Studio 15
VisualStudioVersion = 15.0.27703.2042
MinimumVisualStudioVersion = 10.0.40219.1
Project("{8BC9CEB8-8B4A-11D0-8D11-00A0C91BC942}") = "OpenglLearning", "OpenglLearning\OpenglLearning.vcxproj", "{892A3B2D-0272-4BC9-9DF9-A9B175732E8A}"
EndProject
Project("{8BC9CEB8-8B4A-11D0-8D11-00A0C91BC942}") = "Simple", "Simple\Simple.vcxproj", "{81967F78-C8F1-46D4-8B67-3CBC230794F6}"
EndProject
Project("{8BC9CEB8-8B4A-11D0-8D11-00A0C91BC942}") = "OpenGL", "OpenGL\OpenGL.vcxproj", "{24BAE0DA-9DA9-406B-9933-2B0F28286BDD}"
EndProject
Project("{8BC9CEB8-8B4A-11D0-8D11-00A0C91BC942}") = "LightWeak", "LightWeak\LightWeak.vcxproj", "{45D6F9D8-74EB-40BF-A758-97FD29F486D1}"
EndProject
Project("{8BC9CEB8-8B4A-11D0-8D11-00A0C91BC942}") = "ModelWithLight", "Model\Model.vcxproj", "{48CB3064-F23F-4BA4-8882-078C9E4A4DE0}"
EndProject
Project("{8BC9CEB8-8B4A-11D0-8D11-00A0C91BC942}") = "Palindromic Substrings", "Palindromic Substrings\Palindromic Substrings.vcxproj", "{D63331BF-CAAB-496C-B340-9C57BD226592}"
EndProject
Project("{8BC9CEB8-8B4A-11D0-8D11-00A0C91BC942}") = "Complex Number Multiplication", "Complex Number Multiplication\Complex Number Multiplication.vcxproj", "{E6D9AD5C-C3D3-4C2D-A30C-20600131930A}"
EndProject
Project("{8BC9CEB8-8B4A-11D0-8D11-00A0C91BC942}") = "Transparent", "Transparent\Transparent.vcxproj", "{84D99D5A-D25A-4597-95A8-505DB5A98C56}"
EndProject
Project("{8BC9CEB8-8B4A-11D0-8D11-00A0C91BC942}") = "TransparentModel", "TransparentModel\TransparentModel.vcxproj", "{438C42F3-E0D1-461F-828C-C1C98ED59671}"
EndProject
Project("{8BC9CEB8-8B4A-11D0-8D11-00A0C91BC942}") = "Cluster", "Cluster\Cluster.vcxproj", "{11F34F3B-8062-4346-970E-81E07368E89F}"
EndProject
Project("{8BC9CEB8-8B4A-11D0-8D11-00A0C91BC942}") = "FBO", "FBO\FBO.vcxproj", "{D7B36266-FD24-44D2-9027-E8AA496D47BA}"
EndProject
Project("{8BC9CEB8-8B4A-11D0-8D11-00A0C91BC942}") = "SkyBox", "SkyBox\SkyBox.vcxproj", "{C568E448-9786-446A-982E-630D3D6A52D3}"
EndProject
Project("{8BC9CEB8-8B4A-11D0-8D11-00A0C91BC942}") = "Exploding", "Exploding\Exploding.vcxproj", "{5C98E288-7AB7-4A82-ABD5-DB499E825117}"
EndProject
Project("{8BC9CEB8-8B4A-11D0-8D11-00A0C91BC942}") = "Shadow", "Shadow\Shadow.vcxproj", "{70683F4C-A1BB-48AD-AB59-E21C7ADB6765}"
EndProject
Project("{8BC9CEB8-8B4A-11D0-8D11-00A0C91BC942}") = "Select", "Select\Select.vcxproj", "{1C057604-15A5-4AB1-849A-E675DC7594E6}"
EndProject
Project("{8BC9CEB8-8B4A-11D0-8D11-00A0C91BC942}") = "PointShadow", "PointShadow\PointShadow.vcxproj", "{D15A5436-FB50-4DF3-B14D-6DA1A0A53D95}"
EndProject
Project("{8BC9CEB8-8B4A-11D0-8D11-00A0C91BC942}") = "NormalMapping", "NormalMapping\NormalMapping.vcxproj", "{42435569-7931-404D-BB26-E7B714BA8C13}"
EndProject
Project("{8BC9CEB8-8B4A-11D0-8D11-00A0C91BC942}") = "TransformFeedback(Failed)", "TransformFeedback\TransformFeedback.vcxproj", "{43B87059-FBB2-4B9D-AA8F-FFCC81575CE2}"
EndProject
Project("{8BC9CEB8-8B4A-11D0-8D11-00A0C91BC942}") = "Parallax Mapping", "Parallax Mapping\Parallax Mapping.vcxproj", "{73704945-CB8C-4855-91B0-511EAD54D509}"
EndProject
Project("{8BC9CEB8-8B4A-11D0-8D11-00A0C91BC942}") = "HDR", "HDR\HDR.vcxproj", "{38A00DFC-824C-48EE-960F-CA269D09653B}"
EndProject
Project("{8BC9CEB8-8B4A-11D0-8D11-00A0C91BC942}") = "Bloom", "Bloom\Bloom.vcxproj", "{AB5E35AE-ED71-4B87-A3F6-50D2C3166F6D}"
EndProject
Project("{8BC9CEB8-8B4A-11D0-8D11-00A0C91BC942}") = "SSAO", "SSAO\SSAO.vcxproj", "{15992C8F-9D62-4B4B-836C-CC046022112F}"
EndProject
Project("{8BC9CEB8-8B4A-11D0-8D11-00A0C91BC942}") = "Billboard", "Billboard\Billboard.vcxproj", "{4148101A-FFC7-4F5B-83F1-E5332136FC28}"
EndProject
Project("{8BC9CEB8-8B4A-11D0-8D11-00A0C91BC942}") = "test", "test\test.vcxproj", "{66A346E4-008C-42A1-8B93-1900C34BC523}"
EndProject
Project("{8BC9CEB8-8B4A-11D0-8D11-00A0C91BC942}") = "RenderDLL", "RenderDLL\RenderDLL.vcxproj", "{0BEC63EC-90BC-4907-9793-4C6273CB9889}"
EndProject
Project("{8BC9CEB8-8B4A-11D0-8D11-00A0C91BC942}") = "Tessellation", "Tessellation\Tessellation.vcxproj", "{4D2421AB-2B9B-4367-9555-08F2E84233F5}"
EndProject
Project("{2150E333-8FDC-42A3-9474-1A3956D46DE8}") = "Done", "Done", "{B0DDF86A-DBC9-4A37-92E1-5640924956F3}"
EndProject
Project("{2150E333-8FDC-42A3-9474-1A3956D46DE8}") = "To Do", "To Do", "{8E86E553-5754-4B10-9676-582D1D4A5C27}"
	ProjectSection(SolutionItems) = preProject
		ToDoList.txt = ToDoList.txt
	EndProjectSection
EndProject
Project("{2150E333-8FDC-42A3-9474-1A3956D46DE8}") = "To Fix", "To Fix", "{7BDB0422-E2B7-4904-8A27-421C1713824C}"
EndProject
Project("{8BC9CEB8-8B4A-11D0-8D11-00A0C91BC942}") = "OIT", "OIT\OIT.vcxproj", "{034A6236-C26E-42D9-88F2-FB1CD697D941}"
EndProject
Project("{8BC9CEB8-8B4A-11D0-8D11-00A0C91BC942}") = "LayerRendering", "LayerRendering\LayerRendering.vcxproj", "{A6EAB992-D381-4790-8A8D-5BD8F8A9A7AD}"
EndProject
Project("{8BC9CEB8-8B4A-11D0-8D11-00A0C91BC942}") = "LOD(Based on Tessellation)", "LOD(Based on Tessellation)\LOD(Based on Tessellation).vcxproj", "{C9DDD873-1AD1-4E33-A90A-C8968618938A}"
EndProject
Project("{8BC9CEB8-8B4A-11D0-8D11-00A0C91BC942}") = "OcclusionQuery", "OcclusionQuery\OcclusionQuery.vcxproj", "{20A4417B-5AC4-4470-A952-FE1D454F80E8}"
EndProject
Project("{8BC9CEB8-8B4A-11D0-8D11-00A0C91BC942}") = "OcclusionQuery(HardWare)", "OcclusionQuery(HardWare)\OcclusionQuery(HardWare).vcxproj", "{60FE1271-8CAD-468A-BF2C-5D361AA7EBC7}"
EndProject
Project("{8BC9CEB8-8B4A-11D0-8D11-00A0C91BC942}") = "PolygonOffset", "PolygonOffset\PolygonOffset.vcxproj", "{A0343BB5-DBD4-40B6-99D9-21D7F1BC37F8}"
EndProject
Project("{2150E333-8FDC-42A3-9474-1A3956D46DE8}") = "To Review", "To Review", "{1F6C8003-5A74-42D9-B011-E26FEB2C958F}"
EndProject
Project("{8BC9CEB8-8B4A-11D0-8D11-00A0C91BC942}") = "ImageFromFile", "ImageFromFile\ImageFromFile.vcxproj", "{86B872E6-18EE-4B2B-8965-A72BF9E17279}"
EndProject
Project("{8BC9CEB8-8B4A-11D0-8D11-00A0C91BC942}") = "MemoryBarrier", "MemoryBarrier\MemoryBarrier.vcxproj", "{7DA64542-51D8-4497-8A61-401B86EB20E6}"
EndProject
Project("{8BC9CEB8-8B4A-11D0-8D11-00A0C91BC942}") = "UniformLocation", "UniformLocation\UniformLocation.vcxproj", "{FF198E4D-0FD2-4AE0-BB42-CD5BC0C89EA3}"
EndProject
Project("{8BC9CEB8-8B4A-11D0-8D11-00A0C91BC942}") = "InstanceRender", "InstanceRender\InstanceRender.vcxproj", "{8C3AB9DC-B46D-4FEB-AF6F-5E162FA784F8}"
EndProject
Project("{8BC9CEB8-8B4A-11D0-8D11-00A0C91BC942}") = "LLL(half-done)", "LLL\LLL.vcxproj", "{2024ADAC-5572-4787-9057-825D7DF86AA0}"
EndProject
Project("{8BC9CEB8-8B4A-11D0-8D11-00A0C91BC942}") = "InstanceRenderModel", "InstanceRenderModel\InstanceRenderModel.vcxproj", "{FD82F47F-B1C9-4B3B-BBB3-95F27C61551F}"
EndProject
Project("{8BC9CEB8-8B4A-11D0-8D11-00A0C91BC942}") = "ComputeProjectionArea", "ComputeProjectionArea\ComputeProjectionArea.vcxproj", "{ED81F39F-279A-4620-AD29-04293B82DD51}"
EndProject
Project("{8BC9CEB8-8B4A-11D0-8D11-00A0C91BC942}") = "GLGet", "GLGet\GLGet.vcxproj", "{86BA7BC0-D55E-4897-8D67-29EAD109B7DA}"
EndProject
Project("{8BC9CEB8-8B4A-11D0-8D11-00A0C91BC942}") = "ACBO", "ACBO\ACBO.vcxproj", "{7DB0251E-B7F7-46CF-881E-2E560B9C73CE}"
EndProject
Project("{8BC9CEB8-8B4A-11D0-8D11-00A0C91BC942}") = "ModelSerializer", "ModelSerializer\ModelSerializer.vcxproj", "{08B8D1C4-FB59-4F18-BDA2-C604CC603E5B}"
EndProject
Project("{8BC9CEB8-8B4A-11D0-8D11-00A0C91BC942}") = "InstanceRenderByUBO", "InstanceRenderByUBO\InstanceRenderByUBO.vcxproj", "{AFACAD45-265F-4921-A6DF-148DEB521B70}"
EndProject
Project("{8BC9CEB8-8B4A-11D0-8D11-00A0C91BC942}") = "RayTracing", "RayTracing\RayTracing.vcxproj", "{1CFB3CC8-B820-4F97-BF3F-6C1BEB1F27FA}"
EndProject
Project("{8BC9CEB8-8B4A-11D0-8D11-00A0C91BC942}") = "PCSS", "PCSS\PCSS.vcxproj", "{F3D295AA-4FD7-4537-9655-A773D6A25B96}"
EndProject
Project("{8BC9CEB8-8B4A-11D0-8D11-00A0C91BC942}") = "SunStreak", "SunStreak\SunStreak.vcxproj", "{E98E6723-2325-4E85-97B8-621B0519F57B}"
EndProject
Project("{8BC9CEB8-8B4A-11D0-8D11-00A0C91BC942}") = "ViewFrustumCulling", "ViewFrustumCulling\ViewFrustumCulling.vcxproj", "{A233BA57-EDB4-45D8-BD4F-AA3A1F381248}"
EndProject
Project("{8BC9CEB8-8B4A-11D0-8D11-00A0C91BC942}") = "StencilTesting", "StencilTesting\StencilTesting.vcxproj", "{2E3AF92A-5242-4B4E-8C6B-B119FEA6B729}"
EndProject
Project("{8BC9CEB8-8B4A-11D0-8D11-00A0C91BC942}") = "Noise", "Noise\Noise.vcxproj", "{E12E3FB7-555E-4171-8079-C5F5E58EA7F9}"
EndProject
Global
	GlobalSection(SolutionConfigurationPlatforms) = preSolution
		Debug|Any CPU = Debug|Any CPU
		Debug|x64 = Debug|x64
		Debug|x86 = Debug|x86
		Release|Any CPU = Release|Any CPU
		Release|x64 = Release|x64
		Release|x86 = Release|x86
	EndGlobalSection
	GlobalSection(ProjectConfigurationPlatforms) = postSolution
		{892A3B2D-0272-4BC9-9DF9-A9B175732E8A}.Debug|Any CPU.ActiveCfg = Debug|Win32
		{892A3B2D-0272-4BC9-9DF9-A9B175732E8A}.Debug|x64.ActiveCfg = Debug|x64
		{892A3B2D-0272-4BC9-9DF9-A9B175732E8A}.Debug|x64.Build.0 = Debug|x64
		{892A3B2D-0272-4BC9-9DF9-A9B175732E8A}.Debug|x86.ActiveCfg = Debug|Win32
		{892A3B2D-0272-4BC9-9DF9-A9B175732E8A}.Debug|x86.Build.0 = Debug|Win32
		{892A3B2D-0272-4BC9-9DF9-A9B175732E8A}.Release|Any CPU.ActiveCfg = Release|Win32
		{892A3B2D-0272-4BC9-9DF9-A9B175732E8A}.Release|x64.ActiveCfg = Release|x64
		{892A3B2D-0272-4BC9-9DF9-A9B175732E8A}.Release|x64.Build.0 = Release|x64
		{892A3B2D-0272-4BC9-9DF9-A9B175732E8A}.Release|x86.ActiveCfg = Release|Win32
		{892A3B2D-0272-4BC9-9DF9-A9B175732E8A}.Release|x86.Build.0 = Release|Win32
		{81967F78-C8F1-46D4-8B67-3CBC230794F6}.Debug|Any CPU.ActiveCfg = Debug|Win32
		{81967F78-C8F1-46D4-8B67-3CBC230794F6}.Debug|x64.ActiveCfg = Debug|x64
		{81967F78-C8F1-46D4-8B67-3CBC230794F6}.Debug|x64.Build.0 = Debug|x64
		{81967F78-C8F1-46D4-8B67-3CBC230794F6}.Debug|x86.ActiveCfg = Debug|Win32
		{81967F78-C8F1-46D4-8B67-3CBC230794F6}.Debug|x86.Build.0 = Debug|Win32
		{81967F78-C8F1-46D4-8B67-3CBC230794F6}.Release|Any CPU.ActiveCfg = Release|Win32
		{81967F78-C8F1-46D4-8B67-3CBC230794F6}.Release|x64.ActiveCfg = Release|x64
		{81967F78-C8F1-46D4-8B67-3CBC230794F6}.Release|x64.Build.0 = Release|x64
		{81967F78-C8F1-46D4-8B67-3CBC230794F6}.Release|x86.ActiveCfg = Release|Win32
		{81967F78-C8F1-46D4-8B67-3CBC230794F6}.Release|x86.Build.0 = Release|Win32
		{24BAE0DA-9DA9-406B-9933-2B0F28286BDD}.Debug|Any CPU.ActiveCfg = Debug|Win32
		{24BAE0DA-9DA9-406B-9933-2B0F28286BDD}.Debug|x64.ActiveCfg = Debug|x64
		{24BAE0DA-9DA9-406B-9933-2B0F28286BDD}.Debug|x64.Build.0 = Debug|x64
		{24BAE0DA-9DA9-406B-9933-2B0F28286BDD}.Debug|x86.ActiveCfg = Debug|Win32
		{24BAE0DA-9DA9-406B-9933-2B0F28286BDD}.Debug|x86.Build.0 = Debug|Win32
		{24BAE0DA-9DA9-406B-9933-2B0F28286BDD}.Release|Any CPU.ActiveCfg = Release|Win32
		{24BAE0DA-9DA9-406B-9933-2B0F28286BDD}.Release|x64.ActiveCfg = Release|x64
		{24BAE0DA-9DA9-406B-9933-2B0F28286BDD}.Release|x64.Build.0 = Release|x64
		{24BAE0DA-9DA9-406B-9933-2B0F28286BDD}.Release|x86.ActiveCfg = Release|Win32
		{24BAE0DA-9DA9-406B-9933-2B0F28286BDD}.Release|x86.Build.0 = Release|Win32
		{45D6F9D8-74EB-40BF-A758-97FD29F486D1}.Debug|Any CPU.ActiveCfg = Debug|Win32
		{45D6F9D8-74EB-40BF-A758-97FD29F486D1}.Debug|x64.ActiveCfg = Debug|x64
		{45D6F9D8-74EB-40BF-A758-97FD29F486D1}.Debug|x64.Build.0 = Debug|x64
		{45D6F9D8-74EB-40BF-A758-97FD29F486D1}.Debug|x86.ActiveCfg = Debug|Win32
		{45D6F9D8-74EB-40BF-A758-97FD29F486D1}.Debug|x86.Build.0 = Debug|Win32
		{45D6F9D8-74EB-40BF-A758-97FD29F486D1}.Release|Any CPU.ActiveCfg = Release|Win32
		{45D6F9D8-74EB-40BF-A758-97FD29F486D1}.Release|x64.ActiveCfg = Release|x64
		{45D6F9D8-74EB-40BF-A758-97FD29F486D1}.Release|x64.Build.0 = Release|x64
		{45D6F9D8-74EB-40BF-A758-97FD29F486D1}.Release|x86.ActiveCfg = Release|Win32
		{45D6F9D8-74EB-40BF-A758-97FD29F486D1}.Release|x86.Build.0 = Release|Win32
		{48CB3064-F23F-4BA4-8882-078C9E4A4DE0}.Debug|Any CPU.ActiveCfg = Debug|Win32
		{48CB3064-F23F-4BA4-8882-078C9E4A4DE0}.Debug|x64.ActiveCfg = Debug|x64
		{48CB3064-F23F-4BA4-8882-078C9E4A4DE0}.Debug|x64.Build.0 = Debug|x64
		{48CB3064-F23F-4BA4-8882-078C9E4A4DE0}.Debug|x86.ActiveCfg = Debug|Win32
		{48CB3064-F23F-4BA4-8882-078C9E4A4DE0}.Debug|x86.Build.0 = Debug|Win32
		{48CB3064-F23F-4BA4-8882-078C9E4A4DE0}.Release|Any CPU.ActiveCfg = Release|Win32
		{48CB3064-F23F-4BA4-8882-078C9E4A4DE0}.Release|x64.ActiveCfg = Release|x64
		{48CB3064-F23F-4BA4-8882-078C9E4A4DE0}.Release|x64.Build.0 = Release|x64
		{48CB3064-F23F-4BA4-8882-078C9E4A4DE0}.Release|x86.ActiveCfg = Release|Win32
		{48CB3064-F23F-4BA4-8882-078C9E4A4DE0}.Release|x86.Build.0 = Release|Win32
		{D63331BF-CAAB-496C-B340-9C57BD226592}.Debug|Any CPU.ActiveCfg = Debug|Win32
		{D63331BF-CAAB-496C-B340-9C57BD226592}.Debug|x64.ActiveCfg = Debug|x64
		{D63331BF-CAAB-496C-B340-9C57BD226592}.Debug|x64.Build.0 = Debug|x64
		{D63331BF-CAAB-496C-B340-9C57BD226592}.Debug|x86.ActiveCfg = Debug|Win32
		{D63331BF-CAAB-496C-B340-9C57BD226592}.Debug|x86.Build.0 = Debug|Win32
		{D63331BF-CAAB-496C-B340-9C57BD226592}.Release|Any CPU.ActiveCfg = Release|Win32
		{D63331BF-CAAB-496C-B340-9C57BD226592}.Release|x64.ActiveCfg = Release|x64
		{D63331BF-CAAB-496C-B340-9C57BD226592}.Release|x64.Build.0 = Release|x64
		{D63331BF-CAAB-496C-B340-9C57BD226592}.Release|x86.ActiveCfg = Release|Win32
		{D63331BF-CAAB-496C-B340-9C57BD226592}.Release|x86.Build.0 = Release|Win32
		{E6D9AD5C-C3D3-4C2D-A30C-20600131930A}.Debug|Any CPU.ActiveCfg = Debug|Win32
		{E6D9AD5C-C3D3-4C2D-A30C-20600131930A}.Debug|x64.ActiveCfg = Debug|x64
		{E6D9AD5C-C3D3-4C2D-A30C-20600131930A}.Debug|x64.Build.0 = Debug|x64
		{E6D9AD5C-C3D3-4C2D-A30C-20600131930A}.Debug|x86.ActiveCfg = Debug|Win32
		{E6D9AD5C-C3D3-4C2D-A30C-20600131930A}.Debug|x86.Build.0 = Debug|Win32
		{E6D9AD5C-C3D3-4C2D-A30C-20600131930A}.Release|Any CPU.ActiveCfg = Release|Win32
		{E6D9AD5C-C3D3-4C2D-A30C-20600131930A}.Release|x64.ActiveCfg = Release|x64
		{E6D9AD5C-C3D3-4C2D-A30C-20600131930A}.Release|x64.Build.0 = Release|x64
		{E6D9AD5C-C3D3-4C2D-A30C-20600131930A}.Release|x86.ActiveCfg = Release|Win32
		{E6D9AD5C-C3D3-4C2D-A30C-20600131930A}.Release|x86.Build.0 = Release|Win32
		{84D99D5A-D25A-4597-95A8-505DB5A98C56}.Debug|Any CPU.ActiveCfg = Debug|Win32
		{84D99D5A-D25A-4597-95A8-505DB5A98C56}.Debug|x64.ActiveCfg = Debug|x64
		{84D99D5A-D25A-4597-95A8-505DB5A98C56}.Debug|x64.Build.0 = Debug|x64
		{84D99D5A-D25A-4597-95A8-505DB5A98C56}.Debug|x86.ActiveCfg = Debug|Win32
		{84D99D5A-D25A-4597-95A8-505DB5A98C56}.Debug|x86.Build.0 = Debug|Win32
		{84D99D5A-D25A-4597-95A8-505DB5A98C56}.Release|Any CPU.ActiveCfg = Release|Win32
		{84D99D5A-D25A-4597-95A8-505DB5A98C56}.Release|x64.ActiveCfg = Release|x64
		{84D99D5A-D25A-4597-95A8-505DB5A98C56}.Release|x64.Build.0 = Release|x64
		{84D99D5A-D25A-4597-95A8-505DB5A98C56}.Release|x86.ActiveCfg = Release|Win32
		{84D99D5A-D25A-4597-95A8-505DB5A98C56}.Release|x86.Build.0 = Release|Win32
		{438C42F3-E0D1-461F-828C-C1C98ED59671}.Debug|Any CPU.ActiveCfg = Debug|Win32
		{438C42F3-E0D1-461F-828C-C1C98ED59671}.Debug|x64.ActiveCfg = Debug|x64
		{438C42F3-E0D1-461F-828C-C1C98ED59671}.Debug|x64.Build.0 = Debug|x64
		{438C42F3-E0D1-461F-828C-C1C98ED59671}.Debug|x86.ActiveCfg = Debug|Win32
		{438C42F3-E0D1-461F-828C-C1C98ED59671}.Debug|x86.Build.0 = Debug|Win32
		{438C42F3-E0D1-461F-828C-C1C98ED59671}.Release|Any CPU.ActiveCfg = Release|Win32
		{438C42F3-E0D1-461F-828C-C1C98ED59671}.Release|x64.ActiveCfg = Release|x64
		{438C42F3-E0D1-461F-828C-C1C98ED59671}.Release|x64.Build.0 = Release|x64
		{438C42F3-E0D1-461F-828C-C1C98ED59671}.Release|x86.ActiveCfg = Release|Win32
		{438C42F3-E0D1-461F-828C-C1C98ED59671}.Release|x86.Build.0 = Release|Win32
		{11F34F3B-8062-4346-970E-81E07368E89F}.Debug|Any CPU.ActiveCfg = Debug|Win32
		{11F34F3B-8062-4346-970E-81E07368E89F}.Debug|x64.ActiveCfg = Debug|x64
		{11F34F3B-8062-4346-970E-81E07368E89F}.Debug|x64.Build.0 = Debug|x64
		{11F34F3B-8062-4346-970E-81E07368E89F}.Debug|x86.ActiveCfg = Debug|Win32
		{11F34F3B-8062-4346-970E-81E07368E89F}.Debug|x86.Build.0 = Debug|Win32
		{11F34F3B-8062-4346-970E-81E07368E89F}.Release|Any CPU.ActiveCfg = Release|Win32
		{11F34F3B-8062-4346-970E-81E07368E89F}.Release|x64.ActiveCfg = Release|x64
		{11F34F3B-8062-4346-970E-81E07368E89F}.Release|x64.Build.0 = Release|x64
		{11F34F3B-8062-4346-970E-81E07368E89F}.Release|x86.ActiveCfg = Release|Win32
		{11F34F3B-8062-4346-970E-81E07368E89F}.Release|x86.Build.0 = Release|Win32
		{D7B36266-FD24-44D2-9027-E8AA496D47BA}.Debug|Any CPU.ActiveCfg = Debug|Win32
		{D7B36266-FD24-44D2-9027-E8AA496D47BA}.Debug|x64.ActiveCfg = Debug|x64
		{D7B36266-FD24-44D2-9027-E8AA496D47BA}.Debug|x64.Build.0 = Debug|x64
		{D7B36266-FD24-44D2-9027-E8AA496D47BA}.Debug|x86.ActiveCfg = Debug|Win32
		{D7B36266-FD24-44D2-9027-E8AA496D47BA}.Debug|x86.Build.0 = Debug|Win32
		{D7B36266-FD24-44D2-9027-E8AA496D47BA}.Release|Any CPU.ActiveCfg = Release|Win32
		{D7B36266-FD24-44D2-9027-E8AA496D47BA}.Release|x64.ActiveCfg = Release|x64
		{D7B36266-FD24-44D2-9027-E8AA496D47BA}.Release|x64.Build.0 = Release|x64
		{D7B36266-FD24-44D2-9027-E8AA496D47BA}.Release|x86.ActiveCfg = Release|Win32
		{D7B36266-FD24-44D2-9027-E8AA496D47BA}.Release|x86.Build.0 = Release|Win32
		{C568E448-9786-446A-982E-630D3D6A52D3}.Debug|Any CPU.ActiveCfg = Debug|Win32
		{C568E448-9786-446A-982E-630D3D6A52D3}.Debug|x64.ActiveCfg = Debug|x64
		{C568E448-9786-446A-982E-630D3D6A52D3}.Debug|x64.Build.0 = Debug|x64
		{C568E448-9786-446A-982E-630D3D6A52D3}.Debug|x86.ActiveCfg = Debug|Win32
		{C568E448-9786-446A-982E-630D3D6A52D3}.Debug|x86.Build.0 = Debug|Win32
		{C568E448-9786-446A-982E-630D3D6A52D3}.Release|Any CPU.ActiveCfg = Release|Win32
		{C568E448-9786-446A-982E-630D3D6A52D3}.Release|x64.ActiveCfg = Release|x64
		{C568E448-9786-446A-982E-630D3D6A52D3}.Release|x64.Build.0 = Release|x64
		{C568E448-9786-446A-982E-630D3D6A52D3}.Release|x86.ActiveCfg = Release|Win32
		{C568E448-9786-446A-982E-630D3D6A52D3}.Release|x86.Build.0 = Release|Win32
		{5C98E288-7AB7-4A82-ABD5-DB499E825117}.Debug|Any CPU.ActiveCfg = Debug|Win32
		{5C98E288-7AB7-4A82-ABD5-DB499E825117}.Debug|x64.ActiveCfg = Debug|x64
		{5C98E288-7AB7-4A82-ABD5-DB499E825117}.Debug|x64.Build.0 = Debug|x64
		{5C98E288-7AB7-4A82-ABD5-DB499E825117}.Debug|x86.ActiveCfg = Debug|Win32
		{5C98E288-7AB7-4A82-ABD5-DB499E825117}.Debug|x86.Build.0 = Debug|Win32
		{5C98E288-7AB7-4A82-ABD5-DB499E825117}.Release|Any CPU.ActiveCfg = Release|Win32
		{5C98E288-7AB7-4A82-ABD5-DB499E825117}.Release|x64.ActiveCfg = Release|x64
		{5C98E288-7AB7-4A82-ABD5-DB499E825117}.Release|x64.Build.0 = Release|x64
		{5C98E288-7AB7-4A82-ABD5-DB499E825117}.Release|x86.ActiveCfg = Release|Win32
		{5C98E288-7AB7-4A82-ABD5-DB499E825117}.Release|x86.Build.0 = Release|Win32
		{70683F4C-A1BB-48AD-AB59-E21C7ADB6765}.Debug|Any CPU.ActiveCfg = Debug|Win32
		{70683F4C-A1BB-48AD-AB59-E21C7ADB6765}.Debug|x64.ActiveCfg = Debug|x64
		{70683F4C-A1BB-48AD-AB59-E21C7ADB6765}.Debug|x64.Build.0 = Debug|x64
		{70683F4C-A1BB-48AD-AB59-E21C7ADB6765}.Debug|x86.ActiveCfg = Debug|Win32
		{70683F4C-A1BB-48AD-AB59-E21C7ADB6765}.Debug|x86.Build.0 = Debug|Win32
		{70683F4C-A1BB-48AD-AB59-E21C7ADB6765}.Release|Any CPU.ActiveCfg = Release|Win32
		{70683F4C-A1BB-48AD-AB59-E21C7ADB6765}.Release|x64.ActiveCfg = Release|x64
		{70683F4C-A1BB-48AD-AB59-E21C7ADB6765}.Release|x64.Build.0 = Release|x64
		{70683F4C-A1BB-48AD-AB59-E21C7ADB6765}.Release|x86.ActiveCfg = Release|Win32
		{70683F4C-A1BB-48AD-AB59-E21C7ADB6765}.Release|x86.Build.0 = Release|Win32
		{1C057604-15A5-4AB1-849A-E675DC7594E6}.Debug|Any CPU.ActiveCfg = Debug|Win32
		{1C057604-15A5-4AB1-849A-E675DC7594E6}.Debug|x64.ActiveCfg = Debug|x64
		{1C057604-15A5-4AB1-849A-E675DC7594E6}.Debug|x64.Build.0 = Debug|x64
		{1C057604-15A5-4AB1-849A-E675DC7594E6}.Debug|x86.ActiveCfg = Debug|Win32
		{1C057604-15A5-4AB1-849A-E675DC7594E6}.Debug|x86.Build.0 = Debug|Win32
		{1C057604-15A5-4AB1-849A-E675DC7594E6}.Release|Any CPU.ActiveCfg = Release|Win32
		{1C057604-15A5-4AB1-849A-E675DC7594E6}.Release|x64.ActiveCfg = Release|x64
		{1C057604-15A5-4AB1-849A-E675DC7594E6}.Release|x64.Build.0 = Release|x64
		{1C057604-15A5-4AB1-849A-E675DC7594E6}.Release|x86.ActiveCfg = Release|Win32
		{1C057604-15A5-4AB1-849A-E675DC7594E6}.Release|x86.Build.0 = Release|Win32
		{D15A5436-FB50-4DF3-B14D-6DA1A0A53D95}.Debug|Any CPU.ActiveCfg = Debug|Win32
		{D15A5436-FB50-4DF3-B14D-6DA1A0A53D95}.Debug|x64.ActiveCfg = Debug|x64
		{D15A5436-FB50-4DF3-B14D-6DA1A0A53D95}.Debug|x64.Build.0 = Debug|x64
		{D15A5436-FB50-4DF3-B14D-6DA1A0A53D95}.Debug|x86.ActiveCfg = Debug|Win32
		{D15A5436-FB50-4DF3-B14D-6DA1A0A53D95}.Debug|x86.Build.0 = Debug|Win32
		{D15A5436-FB50-4DF3-B14D-6DA1A0A53D95}.Release|Any CPU.ActiveCfg = Release|Win32
		{D15A5436-FB50-4DF3-B14D-6DA1A0A53D95}.Release|x64.ActiveCfg = Release|x64
		{D15A5436-FB50-4DF3-B14D-6DA1A0A53D95}.Release|x64.Build.0 = Release|x64
		{D15A5436-FB50-4DF3-B14D-6DA1A0A53D95}.Release|x86.ActiveCfg = Release|Win32
		{D15A5436-FB50-4DF3-B14D-6DA1A0A53D95}.Release|x86.Build.0 = Release|Win32
		{42435569-7931-404D-BB26-E7B714BA8C13}.Debug|Any CPU.ActiveCfg = Debug|Win32
		{42435569-7931-404D-BB26-E7B714BA8C13}.Debug|x64.ActiveCfg = Debug|x64
		{42435569-7931-404D-BB26-E7B714BA8C13}.Debug|x64.Build.0 = Debug|x64
		{42435569-7931-404D-BB26-E7B714BA8C13}.Debug|x86.ActiveCfg = Debug|Win32
		{42435569-7931-404D-BB26-E7B714BA8C13}.Debug|x86.Build.0 = Debug|Win32
		{42435569-7931-404D-BB26-E7B714BA8C13}.Release|Any CPU.ActiveCfg = Release|Win32
		{42435569-7931-404D-BB26-E7B714BA8C13}.Release|x64.ActiveCfg = Release|x64
		{42435569-7931-404D-BB26-E7B714BA8C13}.Release|x64.Build.0 = Release|x64
		{42435569-7931-404D-BB26-E7B714BA8C13}.Release|x86.ActiveCfg = Release|Win32
		{42435569-7931-404D-BB26-E7B714BA8C13}.Release|x86.Build.0 = Release|Win32
		{43B87059-FBB2-4B9D-AA8F-FFCC81575CE2}.Debug|Any CPU.ActiveCfg = Debug|Win32
		{43B87059-FBB2-4B9D-AA8F-FFCC81575CE2}.Debug|x64.ActiveCfg = Debug|x64
		{43B87059-FBB2-4B9D-AA8F-FFCC81575CE2}.Debug|x64.Build.0 = Debug|x64
		{43B87059-FBB2-4B9D-AA8F-FFCC81575CE2}.Debug|x86.ActiveCfg = Debug|Win32
		{43B87059-FBB2-4B9D-AA8F-FFCC81575CE2}.Debug|x86.Build.0 = Debug|Win32
		{43B87059-FBB2-4B9D-AA8F-FFCC81575CE2}.Release|Any CPU.ActiveCfg = Release|Win32
		{43B87059-FBB2-4B9D-AA8F-FFCC81575CE2}.Release|x64.ActiveCfg = Release|x64
		{43B87059-FBB2-4B9D-AA8F-FFCC81575CE2}.Release|x64.Build.0 = Release|x64
		{43B87059-FBB2-4B9D-AA8F-FFCC81575CE2}.Release|x86.ActiveCfg = Release|Win32
		{43B87059-FBB2-4B9D-AA8F-FFCC81575CE2}.Release|x86.Build.0 = Release|Win32
		{73704945-CB8C-4855-91B0-511EAD54D509}.Debug|Any CPU.ActiveCfg = Debug|Win32
		{73704945-CB8C-4855-91B0-511EAD54D509}.Debug|x64.ActiveCfg = Debug|x64
		{73704945-CB8C-4855-91B0-511EAD54D509}.Debug|x64.Build.0 = Debug|x64
		{73704945-CB8C-4855-91B0-511EAD54D509}.Debug|x86.ActiveCfg = Debug|Win32
		{73704945-CB8C-4855-91B0-511EAD54D509}.Debug|x86.Build.0 = Debug|Win32
		{73704945-CB8C-4855-91B0-511EAD54D509}.Release|Any CPU.ActiveCfg = Release|Win32
		{73704945-CB8C-4855-91B0-511EAD54D509}.Release|x64.ActiveCfg = Release|x64
		{73704945-CB8C-4855-91B0-511EAD54D509}.Release|x64.Build.0 = Release|x64
		{73704945-CB8C-4855-91B0-511EAD54D509}.Release|x86.ActiveCfg = Release|Win32
		{73704945-CB8C-4855-91B0-511EAD54D509}.Release|x86.Build.0 = Release|Win32
		{38A00DFC-824C-48EE-960F-CA269D09653B}.Debug|Any CPU.ActiveCfg = Debug|Win32
		{38A00DFC-824C-48EE-960F-CA269D09653B}.Debug|x64.ActiveCfg = Debug|x64
		{38A00DFC-824C-48EE-960F-CA269D09653B}.Debug|x64.Build.0 = Debug|x64
		{38A00DFC-824C-48EE-960F-CA269D09653B}.Debug|x86.ActiveCfg = Debug|Win32
		{38A00DFC-824C-48EE-960F-CA269D09653B}.Debug|x86.Build.0 = Debug|Win32
		{38A00DFC-824C-48EE-960F-CA269D09653B}.Release|Any CPU.ActiveCfg = Release|Win32
		{38A00DFC-824C-48EE-960F-CA269D09653B}.Release|x64.ActiveCfg = Release|x64
		{38A00DFC-824C-48EE-960F-CA269D09653B}.Release|x64.Build.0 = Release|x64
		{38A00DFC-824C-48EE-960F-CA269D09653B}.Release|x86.ActiveCfg = Release|Win32
		{38A00DFC-824C-48EE-960F-CA269D09653B}.Release|x86.Build.0 = Release|Win32
		{AB5E35AE-ED71-4B87-A3F6-50D2C3166F6D}.Debug|Any CPU.ActiveCfg = Debug|Win32
		{AB5E35AE-ED71-4B87-A3F6-50D2C3166F6D}.Debug|x64.ActiveCfg = Debug|x64
		{AB5E35AE-ED71-4B87-A3F6-50D2C3166F6D}.Debug|x64.Build.0 = Debug|x64
		{AB5E35AE-ED71-4B87-A3F6-50D2C3166F6D}.Debug|x86.ActiveCfg = Debug|Win32
		{AB5E35AE-ED71-4B87-A3F6-50D2C3166F6D}.Debug|x86.Build.0 = Debug|Win32
		{AB5E35AE-ED71-4B87-A3F6-50D2C3166F6D}.Release|Any CPU.ActiveCfg = Release|Win32
		{AB5E35AE-ED71-4B87-A3F6-50D2C3166F6D}.Release|x64.ActiveCfg = Release|x64
		{AB5E35AE-ED71-4B87-A3F6-50D2C3166F6D}.Release|x64.Build.0 = Release|x64
		{AB5E35AE-ED71-4B87-A3F6-50D2C3166F6D}.Release|x86.ActiveCfg = Release|Win32
		{AB5E35AE-ED71-4B87-A3F6-50D2C3166F6D}.Release|x86.Build.0 = Release|Win32
		{15992C8F-9D62-4B4B-836C-CC046022112F}.Debug|Any CPU.ActiveCfg = Debug|Win32
		{15992C8F-9D62-4B4B-836C-CC046022112F}.Debug|x64.ActiveCfg = Debug|x64
		{15992C8F-9D62-4B4B-836C-CC046022112F}.Debug|x64.Build.0 = Debug|x64
		{15992C8F-9D62-4B4B-836C-CC046022112F}.Debug|x86.ActiveCfg = Debug|Win32
		{15992C8F-9D62-4B4B-836C-CC046022112F}.Debug|x86.Build.0 = Debug|Win32
		{15992C8F-9D62-4B4B-836C-CC046022112F}.Release|Any CPU.ActiveCfg = Release|Win32
		{15992C8F-9D62-4B4B-836C-CC046022112F}.Release|x64.ActiveCfg = Release|x64
		{15992C8F-9D62-4B4B-836C-CC046022112F}.Release|x64.Build.0 = Release|x64
		{15992C8F-9D62-4B4B-836C-CC046022112F}.Release|x86.ActiveCfg = Release|Win32
		{15992C8F-9D62-4B4B-836C-CC046022112F}.Release|x86.Build.0 = Release|Win32
		{4148101A-FFC7-4F5B-83F1-E5332136FC28}.Debug|Any CPU.ActiveCfg = Debug|Win32
		{4148101A-FFC7-4F5B-83F1-E5332136FC28}.Debug|x64.ActiveCfg = Debug|x64
		{4148101A-FFC7-4F5B-83F1-E5332136FC28}.Debug|x64.Build.0 = Debug|x64
		{4148101A-FFC7-4F5B-83F1-E5332136FC28}.Debug|x86.ActiveCfg = Debug|Win32
		{4148101A-FFC7-4F5B-83F1-E5332136FC28}.Debug|x86.Build.0 = Debug|Win32
		{4148101A-FFC7-4F5B-83F1-E5332136FC28}.Release|Any CPU.ActiveCfg = Release|Win32
		{4148101A-FFC7-4F5B-83F1-E5332136FC28}.Release|x64.ActiveCfg = Release|x64
		{4148101A-FFC7-4F5B-83F1-E5332136FC28}.Release|x64.Build.0 = Release|x64
		{4148101A-FFC7-4F5B-83F1-E5332136FC28}.Release|x86.ActiveCfg = Release|Win32
		{4148101A-FFC7-4F5B-83F1-E5332136FC28}.Release|x86.Build.0 = Release|Win32
		{66A346E4-008C-42A1-8B93-1900C34BC523}.Debug|Any CPU.ActiveCfg = Debug|Win32
		{66A346E4-008C-42A1-8B93-1900C34BC523}.Debug|x64.ActiveCfg = Debug|x64
		{66A346E4-008C-42A1-8B93-1900C34BC523}.Debug|x64.Build.0 = Debug|x64
		{66A346E4-008C-42A1-8B93-1900C34BC523}.Debug|x86.ActiveCfg = Debug|Win32
		{66A346E4-008C-42A1-8B93-1900C34BC523}.Debug|x86.Build.0 = Debug|Win32
		{66A346E4-008C-42A1-8B93-1900C34BC523}.Release|Any CPU.ActiveCfg = Release|Win32
		{66A346E4-008C-42A1-8B93-1900C34BC523}.Release|x64.ActiveCfg = Release|x64
		{66A346E4-008C-42A1-8B93-1900C34BC523}.Release|x64.Build.0 = Release|x64
		{66A346E4-008C-42A1-8B93-1900C34BC523}.Release|x86.ActiveCfg = Release|Win32
		{66A346E4-008C-42A1-8B93-1900C34BC523}.Release|x86.Build.0 = Release|Win32
		{0BEC63EC-90BC-4907-9793-4C6273CB9889}.Debug|Any CPU.ActiveCfg = Debug|Win32
		{0BEC63EC-90BC-4907-9793-4C6273CB9889}.Debug|x64.ActiveCfg = Debug|x64
		{0BEC63EC-90BC-4907-9793-4C6273CB9889}.Debug|x64.Build.0 = Debug|x64
		{0BEC63EC-90BC-4907-9793-4C6273CB9889}.Debug|x86.ActiveCfg = Debug|Win32
		{0BEC63EC-90BC-4907-9793-4C6273CB9889}.Debug|x86.Build.0 = Debug|Win32
		{0BEC63EC-90BC-4907-9793-4C6273CB9889}.Release|Any CPU.ActiveCfg = Release|Win32
		{0BEC63EC-90BC-4907-9793-4C6273CB9889}.Release|x64.ActiveCfg = Release|x64
		{0BEC63EC-90BC-4907-9793-4C6273CB9889}.Release|x64.Build.0 = Release|x64
		{0BEC63EC-90BC-4907-9793-4C6273CB9889}.Release|x86.ActiveCfg = Release|Win32
		{0BEC63EC-90BC-4907-9793-4C6273CB9889}.Release|x86.Build.0 = Release|Win32
		{4D2421AB-2B9B-4367-9555-08F2E84233F5}.Debug|Any CPU.ActiveCfg = Debug|Win32
		{4D2421AB-2B9B-4367-9555-08F2E84233F5}.Debug|x64.ActiveCfg = Debug|x64
		{4D2421AB-2B9B-4367-9555-08F2E84233F5}.Debug|x64.Build.0 = Debug|x64
		{4D2421AB-2B9B-4367-9555-08F2E84233F5}.Debug|x86.ActiveCfg = Debug|Win32
		{4D2421AB-2B9B-4367-9555-08F2E84233F5}.Debug|x86.Build.0 = Debug|Win32
		{4D2421AB-2B9B-4367-9555-08F2E84233F5}.Release|Any CPU.ActiveCfg = Release|Win32
		{4D2421AB-2B9B-4367-9555-08F2E84233F5}.Release|x64.ActiveCfg = Release|x64
		{4D2421AB-2B9B-4367-9555-08F2E84233F5}.Release|x64.Build.0 = Release|x64
		{4D2421AB-2B9B-4367-9555-08F2E84233F5}.Release|x86.ActiveCfg = Release|Win32
		{4D2421AB-2B9B-4367-9555-08F2E84233F5}.Release|x86.Build.0 = Release|Win32
		{034A6236-C26E-42D9-88F2-FB1CD697D941}.Debug|Any CPU.ActiveCfg = Debug|Win32
		{034A6236-C26E-42D9-88F2-FB1CD697D941}.Debug|x64.ActiveCfg = Debug|x64
		{034A6236-C26E-42D9-88F2-FB1CD697D941}.Debug|x64.Build.0 = Debug|x64
		{034A6236-C26E-42D9-88F2-FB1CD697D941}.Debug|x86.ActiveCfg = Debug|Win32
		{034A6236-C26E-42D9-88F2-FB1CD697D941}.Debug|x86.Build.0 = Debug|Win32
		{034A6236-C26E-42D9-88F2-FB1CD697D941}.Release|Any CPU.ActiveCfg = Release|Win32
		{034A6236-C26E-42D9-88F2-FB1CD697D941}.Release|x64.ActiveCfg = Release|x64
		{034A6236-C26E-42D9-88F2-FB1CD697D941}.Release|x64.Build.0 = Release|x64
		{034A6236-C26E-42D9-88F2-FB1CD697D941}.Release|x86.ActiveCfg = Release|Win32
		{034A6236-C26E-42D9-88F2-FB1CD697D941}.Release|x86.Build.0 = Release|Win32
		{A6EAB992-D381-4790-8A8D-5BD8F8A9A7AD}.Debug|Any CPU.ActiveCfg = Debug|Win32
		{A6EAB992-D381-4790-8A8D-5BD8F8A9A7AD}.Debug|x64.ActiveCfg = Debug|x64
		{A6EAB992-D381-4790-8A8D-5BD8F8A9A7AD}.Debug|x64.Build.0 = Debug|x64
		{A6EAB992-D381-4790-8A8D-5BD8F8A9A7AD}.Debug|x86.ActiveCfg = Debug|Win32
		{A6EAB992-D381-4790-8A8D-5BD8F8A9A7AD}.Debug|x86.Build.0 = Debug|Win32
		{A6EAB992-D381-4790-8A8D-5BD8F8A9A7AD}.Release|Any CPU.ActiveCfg = Release|Win32
		{A6EAB992-D381-4790-8A8D-5BD8F8A9A7AD}.Release|x64.ActiveCfg = Release|x64
		{A6EAB992-D381-4790-8A8D-5BD8F8A9A7AD}.Release|x64.Build.0 = Release|x64
		{A6EAB992-D381-4790-8A8D-5BD8F8A9A7AD}.Release|x86.ActiveCfg = Release|Win32
		{A6EAB992-D381-4790-8A8D-5BD8F8A9A7AD}.Release|x86.Build.0 = Release|Win32
		{C9DDD873-1AD1-4E33-A90A-C8968618938A}.Debug|Any CPU.ActiveCfg = Debug|Win32
		{C9DDD873-1AD1-4E33-A90A-C8968618938A}.Debug|x64.ActiveCfg = Debug|x64
		{C9DDD873-1AD1-4E33-A90A-C8968618938A}.Debug|x64.Build.0 = Debug|x64
		{C9DDD873-1AD1-4E33-A90A-C8968618938A}.Debug|x86.ActiveCfg = Debug|Win32
		{C9DDD873-1AD1-4E33-A90A-C8968618938A}.Debug|x86.Build.0 = Debug|Win32
		{C9DDD873-1AD1-4E33-A90A-C8968618938A}.Release|Any CPU.ActiveCfg = Release|Win32
		{C9DDD873-1AD1-4E33-A90A-C8968618938A}.Release|x64.ActiveCfg = Release|x64
		{C9DDD873-1AD1-4E33-A90A-C8968618938A}.Release|x64.Build.0 = Release|x64
		{C9DDD873-1AD1-4E33-A90A-C8968618938A}.Release|x86.ActiveCfg = Release|Win32
		{C9DDD873-1AD1-4E33-A90A-C8968618938A}.Release|x86.Build.0 = Release|Win32
		{20A4417B-5AC4-4470-A952-FE1D454F80E8}.Debug|Any CPU.ActiveCfg = Debug|Win32
		{20A4417B-5AC4-4470-A952-FE1D454F80E8}.Debug|x64.ActiveCfg = Debug|x64
		{20A4417B-5AC4-4470-A952-FE1D454F80E8}.Debug|x64.Build.0 = Debug|x64
		{20A4417B-5AC4-4470-A952-FE1D454F80E8}.Debug|x86.ActiveCfg = Debug|Win32
		{20A4417B-5AC4-4470-A952-FE1D454F80E8}.Debug|x86.Build.0 = Debug|Win32
		{20A4417B-5AC4-4470-A952-FE1D454F80E8}.Release|Any CPU.ActiveCfg = Release|Win32
		{20A4417B-5AC4-4470-A952-FE1D454F80E8}.Release|x64.ActiveCfg = Release|x64
		{20A4417B-5AC4-4470-A952-FE1D454F80E8}.Release|x64.Build.0 = Release|x64
		{20A4417B-5AC4-4470-A952-FE1D454F80E8}.Release|x86.ActiveCfg = Release|Win32
		{20A4417B-5AC4-4470-A952-FE1D454F80E8}.Release|x86.Build.0 = Release|Win32
		{60FE1271-8CAD-468A-BF2C-5D361AA7EBC7}.Debug|Any CPU.ActiveCfg = Debug|Win32
		{60FE1271-8CAD-468A-BF2C-5D361AA7EBC7}.Debug|x64.ActiveCfg = Debug|x64
		{60FE1271-8CAD-468A-BF2C-5D361AA7EBC7}.Debug|x64.Build.0 = Debug|x64
		{60FE1271-8CAD-468A-BF2C-5D361AA7EBC7}.Debug|x86.ActiveCfg = Debug|Win32
		{60FE1271-8CAD-468A-BF2C-5D361AA7EBC7}.Debug|x86.Build.0 = Debug|Win32
		{60FE1271-8CAD-468A-BF2C-5D361AA7EBC7}.Release|Any CPU.ActiveCfg = Release|Win32
		{60FE1271-8CAD-468A-BF2C-5D361AA7EBC7}.Release|x64.ActiveCfg = Release|x64
		{60FE1271-8CAD-468A-BF2C-5D361AA7EBC7}.Release|x64.Build.0 = Release|x64
		{60FE1271-8CAD-468A-BF2C-5D361AA7EBC7}.Release|x86.ActiveCfg = Release|Win32
		{60FE1271-8CAD-468A-BF2C-5D361AA7EBC7}.Release|x86.Build.0 = Release|Win32
		{A0343BB5-DBD4-40B6-99D9-21D7F1BC37F8}.Debug|Any CPU.ActiveCfg = Debug|Win32
		{A0343BB5-DBD4-40B6-99D9-21D7F1BC37F8}.Debug|x64.ActiveCfg = Debug|x64
		{A0343BB5-DBD4-40B6-99D9-21D7F1BC37F8}.Debug|x64.Build.0 = Debug|x64
		{A0343BB5-DBD4-40B6-99D9-21D7F1BC37F8}.Debug|x86.ActiveCfg = Debug|Win32
		{A0343BB5-DBD4-40B6-99D9-21D7F1BC37F8}.Debug|x86.Build.0 = Debug|Win32
		{A0343BB5-DBD4-40B6-99D9-21D7F1BC37F8}.Release|Any CPU.ActiveCfg = Release|Win32
		{A0343BB5-DBD4-40B6-99D9-21D7F1BC37F8}.Release|x64.ActiveCfg = Release|x64
		{A0343BB5-DBD4-40B6-99D9-21D7F1BC37F8}.Release|x64.Build.0 = Release|x64
		{A0343BB5-DBD4-40B6-99D9-21D7F1BC37F8}.Release|x86.ActiveCfg = Release|Win32
		{A0343BB5-DBD4-40B6-99D9-21D7F1BC37F8}.Release|x86.Build.0 = Release|Win32
		{86B872E6-18EE-4B2B-8965-A72BF9E17279}.Debug|Any CPU.ActiveCfg = Debug|Win32
		{86B872E6-18EE-4B2B-8965-A72BF9E17279}.Debug|x64.ActiveCfg = Debug|x64
		{86B872E6-18EE-4B2B-8965-A72BF9E17279}.Debug|x64.Build.0 = Debug|x64
		{86B872E6-18EE-4B2B-8965-A72BF9E17279}.Debug|x86.ActiveCfg = Debug|Win32
		{86B872E6-18EE-4B2B-8965-A72BF9E17279}.Debug|x86.Build.0 = Debug|Win32
		{86B872E6-18EE-4B2B-8965-A72BF9E17279}.Release|Any CPU.ActiveCfg = Release|Win32
		{86B872E6-18EE-4B2B-8965-A72BF9E17279}.Release|x64.ActiveCfg = Release|x64
		{86B872E6-18EE-4B2B-8965-A72BF9E17279}.Release|x64.Build.0 = Release|x64
		{86B872E6-18EE-4B2B-8965-A72BF9E17279}.Release|x86.ActiveCfg = Release|Win32
		{86B872E6-18EE-4B2B-8965-A72BF9E17279}.Release|x86.Build.0 = Release|Win32
		{7DA64542-51D8-4497-8A61-401B86EB20E6}.Debug|Any CPU.ActiveCfg = Debug|Win32
		{7DA64542-51D8-4497-8A61-401B86EB20E6}.Debug|x64.ActiveCfg = Debug|x64
		{7DA64542-51D8-4497-8A61-401B86EB20E6}.Debug|x64.Build.0 = Debug|x64
		{7DA64542-51D8-4497-8A61-401B86EB20E6}.Debug|x86.ActiveCfg = Debug|Win32
		{7DA64542-51D8-4497-8A61-401B86EB20E6}.Debug|x86.Build.0 = Debug|Win32
		{7DA64542-51D8-4497-8A61-401B86EB20E6}.Release|Any CPU.ActiveCfg = Release|Win32
		{7DA64542-51D8-4497-8A61-401B86EB20E6}.Release|x64.ActiveCfg = Release|x64
		{7DA64542-51D8-4497-8A61-401B86EB20E6}.Release|x64.Build.0 = Release|x64
		{7DA64542-51D8-4497-8A61-401B86EB20E6}.Release|x86.ActiveCfg = Release|Win32
		{7DA64542-51D8-4497-8A61-401B86EB20E6}.Release|x86.Build.0 = Release|Win32
		{FF198E4D-0FD2-4AE0-BB42-CD5BC0C89EA3}.Debug|Any CPU.ActiveCfg = Debug|Win32
		{FF198E4D-0FD2-4AE0-BB42-CD5BC0C89EA3}.Debug|x64.ActiveCfg = Debug|x64
		{FF198E4D-0FD2-4AE0-BB42-CD5BC0C89EA3}.Debug|x64.Build.0 = Debug|x64
		{FF198E4D-0FD2-4AE0-BB42-CD5BC0C89EA3}.Debug|x86.ActiveCfg = Debug|Win32
		{FF198E4D-0FD2-4AE0-BB42-CD5BC0C89EA3}.Debug|x86.Build.0 = Debug|Win32
		{FF198E4D-0FD2-4AE0-BB42-CD5BC0C89EA3}.Release|Any CPU.ActiveCfg = Release|Win32
		{FF198E4D-0FD2-4AE0-BB42-CD5BC0C89EA3}.Release|x64.ActiveCfg = Release|x64
		{FF198E4D-0FD2-4AE0-BB42-CD5BC0C89EA3}.Release|x64.Build.0 = Release|x64
		{FF198E4D-0FD2-4AE0-BB42-CD5BC0C89EA3}.Release|x86.ActiveCfg = Release|Win32
		{FF198E4D-0FD2-4AE0-BB42-CD5BC0C89EA3}.Release|x86.Build.0 = Release|Win32
		{8C3AB9DC-B46D-4FEB-AF6F-5E162FA784F8}.Debug|Any CPU.ActiveCfg = Debug|Win32
		{8C3AB9DC-B46D-4FEB-AF6F-5E162FA784F8}.Debug|x64.ActiveCfg = Debug|x64
		{8C3AB9DC-B46D-4FEB-AF6F-5E162FA784F8}.Debug|x64.Build.0 = Debug|x64
		{8C3AB9DC-B46D-4FEB-AF6F-5E162FA784F8}.Debug|x86.ActiveCfg = Debug|Win32
		{8C3AB9DC-B46D-4FEB-AF6F-5E162FA784F8}.Debug|x86.Build.0 = Debug|Win32
		{8C3AB9DC-B46D-4FEB-AF6F-5E162FA784F8}.Release|Any CPU.ActiveCfg = Release|Win32
		{8C3AB9DC-B46D-4FEB-AF6F-5E162FA784F8}.Release|x64.ActiveCfg = Release|x64
		{8C3AB9DC-B46D-4FEB-AF6F-5E162FA784F8}.Release|x64.Build.0 = Release|x64
		{8C3AB9DC-B46D-4FEB-AF6F-5E162FA784F8}.Release|x86.ActiveCfg = Release|Win32
		{8C3AB9DC-B46D-4FEB-AF6F-5E162FA784F8}.Release|x86.Build.0 = Release|Win32
		{2024ADAC-5572-4787-9057-825D7DF86AA0}.Debug|Any CPU.ActiveCfg = Debug|Win32
		{2024ADAC-5572-4787-9057-825D7DF86AA0}.Debug|x64.ActiveCfg = Debug|x64
		{2024ADAC-5572-4787-9057-825D7DF86AA0}.Debug|x64.Build.0 = Debug|x64
		{2024ADAC-5572-4787-9057-825D7DF86AA0}.Debug|x86.ActiveCfg = Debug|Win32
		{2024ADAC-5572-4787-9057-825D7DF86AA0}.Debug|x86.Build.0 = Debug|Win32
		{2024ADAC-5572-4787-9057-825D7DF86AA0}.Release|Any CPU.ActiveCfg = Release|Win32
		{2024ADAC-5572-4787-9057-825D7DF86AA0}.Release|x64.ActiveCfg = Release|x64
		{2024ADAC-5572-4787-9057-825D7DF86AA0}.Release|x64.Build.0 = Release|x64
		{2024ADAC-5572-4787-9057-825D7DF86AA0}.Release|x86.ActiveCfg = Release|Win32
		{2024ADAC-5572-4787-9057-825D7DF86AA0}.Release|x86.Build.0 = Release|Win32
		{FD82F47F-B1C9-4B3B-BBB3-95F27C61551F}.Debug|Any CPU.ActiveCfg = Debug|Win32
		{FD82F47F-B1C9-4B3B-BBB3-95F27C61551F}.Debug|x64.ActiveCfg = Debug|x64
		{FD82F47F-B1C9-4B3B-BBB3-95F27C61551F}.Debug|x64.Build.0 = Debug|x64
		{FD82F47F-B1C9-4B3B-BBB3-95F27C61551F}.Debug|x86.ActiveCfg = Debug|Win32
		{FD82F47F-B1C9-4B3B-BBB3-95F27C61551F}.Debug|x86.Build.0 = Debug|Win32
		{FD82F47F-B1C9-4B3B-BBB3-95F27C61551F}.Release|Any CPU.ActiveCfg = Release|Win32
		{FD82F47F-B1C9-4B3B-BBB3-95F27C61551F}.Release|x64.ActiveCfg = Release|x64
		{FD82F47F-B1C9-4B3B-BBB3-95F27C61551F}.Release|x64.Build.0 = Release|x64
		{FD82F47F-B1C9-4B3B-BBB3-95F27C61551F}.Release|x86.ActiveCfg = Release|Win32
		{FD82F47F-B1C9-4B3B-BBB3-95F27C61551F}.Release|x86.Build.0 = Release|Win32
		{ED81F39F-279A-4620-AD29-04293B82DD51}.Debug|Any CPU.ActiveCfg = Debug|Win32
		{ED81F39F-279A-4620-AD29-04293B82DD51}.Debug|x64.ActiveCfg = Debug|x64
		{ED81F39F-279A-4620-AD29-04293B82DD51}.Debug|x64.Build.0 = Debug|x64
		{ED81F39F-279A-4620-AD29-04293B82DD51}.Debug|x86.ActiveCfg = Debug|Win32
		{ED81F39F-279A-4620-AD29-04293B82DD51}.Debug|x86.Build.0 = Debug|Win32
		{ED81F39F-279A-4620-AD29-04293B82DD51}.Release|Any CPU.ActiveCfg = Release|Win32
		{ED81F39F-279A-4620-AD29-04293B82DD51}.Release|x64.ActiveCfg = Release|x64
		{ED81F39F-279A-4620-AD29-04293B82DD51}.Release|x64.Build.0 = Release|x64
		{ED81F39F-279A-4620-AD29-04293B82DD51}.Release|x86.ActiveCfg = Release|Win32
		{ED81F39F-279A-4620-AD29-04293B82DD51}.Release|x86.Build.0 = Release|Win32
		{86BA7BC0-D55E-4897-8D67-29EAD109B7DA}.Debug|Any CPU.ActiveCfg = Debug|Win32
		{86BA7BC0-D55E-4897-8D67-29EAD109B7DA}.Debug|x64.ActiveCfg = Debug|x64
		{86BA7BC0-D55E-4897-8D67-29EAD109B7DA}.Debug|x64.Build.0 = Debug|x64
		{86BA7BC0-D55E-4897-8D67-29EAD109B7DA}.Debug|x86.ActiveCfg = Debug|Win32
		{86BA7BC0-D55E-4897-8D67-29EAD109B7DA}.Debug|x86.Build.0 = Debug|Win32
		{86BA7BC0-D55E-4897-8D67-29EAD109B7DA}.Release|Any CPU.ActiveCfg = Release|Win32
		{86BA7BC0-D55E-4897-8D67-29EAD109B7DA}.Release|x64.ActiveCfg = Release|x64
		{86BA7BC0-D55E-4897-8D67-29EAD109B7DA}.Release|x64.Build.0 = Release|x64
		{86BA7BC0-D55E-4897-8D67-29EAD109B7DA}.Release|x86.ActiveCfg = Release|Win32
		{86BA7BC0-D55E-4897-8D67-29EAD109B7DA}.Release|x86.Build.0 = Release|Win32
		{7DB0251E-B7F7-46CF-881E-2E560B9C73CE}.Debug|Any CPU.ActiveCfg = Debug|Win32
		{7DB0251E-B7F7-46CF-881E-2E560B9C73CE}.Debug|x64.ActiveCfg = Debug|x64
		{7DB0251E-B7F7-46CF-881E-2E560B9C73CE}.Debug|x64.Build.0 = Debug|x64
		{7DB0251E-B7F7-46CF-881E-2E560B9C73CE}.Debug|x86.ActiveCfg = Debug|Win32
		{7DB0251E-B7F7-46CF-881E-2E560B9C73CE}.Debug|x86.Build.0 = Debug|Win32
		{7DB0251E-B7F7-46CF-881E-2E560B9C73CE}.Release|Any CPU.ActiveCfg = Release|Win32
		{7DB0251E-B7F7-46CF-881E-2E560B9C73CE}.Release|x64.ActiveCfg = Release|x64
		{7DB0251E-B7F7-46CF-881E-2E560B9C73CE}.Release|x64.Build.0 = Release|x64
		{7DB0251E-B7F7-46CF-881E-2E560B9C73CE}.Release|x86.ActiveCfg = Release|Win32
		{7DB0251E-B7F7-46CF-881E-2E560B9C73CE}.Release|x86.Build.0 = Release|Win32
		{08B8D1C4-FB59-4F18-BDA2-C604CC603E5B}.Debug|Any CPU.ActiveCfg = Debug|Win32
		{08B8D1C4-FB59-4F18-BDA2-C604CC603E5B}.Debug|x64.ActiveCfg = Debug|x64
		{08B8D1C4-FB59-4F18-BDA2-C604CC603E5B}.Debug|x64.Build.0 = Debug|x64
		{08B8D1C4-FB59-4F18-BDA2-C604CC603E5B}.Debug|x86.ActiveCfg = Debug|Win32
		{08B8D1C4-FB59-4F18-BDA2-C604CC603E5B}.Debug|x86.Build.0 = Debug|Win32
		{08B8D1C4-FB59-4F18-BDA2-C604CC603E5B}.Release|Any CPU.ActiveCfg = Release|Win32
		{08B8D1C4-FB59-4F18-BDA2-C604CC603E5B}.Release|x64.ActiveCfg = Release|x64
		{08B8D1C4-FB59-4F18-BDA2-C604CC603E5B}.Release|x64.Build.0 = Release|x64
		{08B8D1C4-FB59-4F18-BDA2-C604CC603E5B}.Release|x86.ActiveCfg = Release|Win32
		{08B8D1C4-FB59-4F18-BDA2-C604CC603E5B}.Release|x86.Build.0 = Release|Win32
		{AFACAD45-265F-4921-A6DF-148DEB521B70}.Debug|Any CPU.ActiveCfg = Debug|Win32
		{AFACAD45-265F-4921-A6DF-148DEB521B70}.Debug|x64.ActiveCfg = Debug|x64
		{AFACAD45-265F-4921-A6DF-148DEB521B70}.Debug|x64.Build.0 = Debug|x64
		{AFACAD45-265F-4921-A6DF-148DEB521B70}.Debug|x86.ActiveCfg = Debug|Win32
		{AFACAD45-265F-4921-A6DF-148DEB521B70}.Debug|x86.Build.0 = Debug|Win32
		{AFACAD45-265F-4921-A6DF-148DEB521B70}.Release|Any CPU.ActiveCfg = Release|Win32
		{AFACAD45-265F-4921-A6DF-148DEB521B70}.Release|x64.ActiveCfg = Release|x64
		{AFACAD45-265F-4921-A6DF-148DEB521B70}.Release|x64.Build.0 = Release|x64
		{AFACAD45-265F-4921-A6DF-148DEB521B70}.Release|x86.ActiveCfg = Release|Win32
		{AFACAD45-265F-4921-A6DF-148DEB521B70}.Release|x86.Build.0 = Release|Win32
		{1CFB3CC8-B820-4F97-BF3F-6C1BEB1F27FA}.Debug|Any CPU.ActiveCfg = Debug|Win32
		{1CFB3CC8-B820-4F97-BF3F-6C1BEB1F27FA}.Debug|x64.ActiveCfg = Debug|x64
		{1CFB3CC8-B820-4F97-BF3F-6C1BEB1F27FA}.Debug|x64.Build.0 = Debug|x64
		{1CFB3CC8-B820-4F97-BF3F-6C1BEB1F27FA}.Debug|x86.ActiveCfg = Debug|Win32
		{1CFB3CC8-B820-4F97-BF3F-6C1BEB1F27FA}.Debug|x86.Build.0 = Debug|Win32
		{1CFB3CC8-B820-4F97-BF3F-6C1BEB1F27FA}.Release|Any CPU.ActiveCfg = Release|Win32
		{1CFB3CC8-B820-4F97-BF3F-6C1BEB1F27FA}.Release|x64.ActiveCfg = Release|x64
		{1CFB3CC8-B820-4F97-BF3F-6C1BEB1F27FA}.Release|x64.Build.0 = Release|x64
		{1CFB3CC8-B820-4F97-BF3F-6C1BEB1F27FA}.Release|x86.ActiveCfg = Release|Win32
		{1CFB3CC8-B820-4F97-BF3F-6C1BEB1F27FA}.Release|x86.Build.0 = Release|Win32
		{F3D295AA-4FD7-4537-9655-A773D6A25B96}.Debug|Any CPU.ActiveCfg = Debug|Win32
		{F3D295AA-4FD7-4537-9655-A773D6A25B96}.Debug|x64.ActiveCfg = Debug|x64
		{F3D295AA-4FD7-4537-9655-A773D6A25B96}.Debug|x64.Build.0 = Debug|x64
		{F3D295AA-4FD7-4537-9655-A773D6A25B96}.Debug|x86.ActiveCfg = Debug|Win32
		{F3D295AA-4FD7-4537-9655-A773D6A25B96}.Debug|x86.Build.0 = Debug|Win32
		{F3D295AA-4FD7-4537-9655-A773D6A25B96}.Release|Any CPU.ActiveCfg = Release|Win32
		{F3D295AA-4FD7-4537-9655-A773D6A25B96}.Release|x64.ActiveCfg = Release|x64
		{F3D295AA-4FD7-4537-9655-A773D6A25B96}.Release|x64.Build.0 = Release|x64
		{F3D295AA-4FD7-4537-9655-A773D6A25B96}.Release|x86.ActiveCfg = Release|Win32
		{F3D295AA-4FD7-4537-9655-A773D6A25B96}.Release|x86.Build.0 = Release|Win32
		{E98E6723-2325-4E85-97B8-621B0519F57B}.Debug|Any CPU.ActiveCfg = Debug|Win32
		{E98E6723-2325-4E85-97B8-621B0519F57B}.Debug|x64.ActiveCfg = Debug|x64
		{E98E6723-2325-4E85-97B8-621B0519F57B}.Debug|x64.Build.0 = Debug|x64
		{E98E6723-2325-4E85-97B8-621B0519F57B}.Debug|x86.ActiveCfg = Debug|Win32
		{E98E6723-2325-4E85-97B8-621B0519F57B}.Debug|x86.Build.0 = Debug|Win32
		{E98E6723-2325-4E85-97B8-621B0519F57B}.Release|Any CPU.ActiveCfg = Release|Win32
		{E98E6723-2325-4E85-97B8-621B0519F57B}.Release|x64.ActiveCfg = Release|x64
		{E98E6723-2325-4E85-97B8-621B0519F57B}.Release|x64.Build.0 = Release|x64
		{E98E6723-2325-4E85-97B8-621B0519F57B}.Release|x86.ActiveCfg = Release|Win32
		{E98E6723-2325-4E85-97B8-621B0519F57B}.Release|x86.Build.0 = Release|Win32
		{A233BA57-EDB4-45D8-BD4F-AA3A1F381248}.Debug|Any CPU.ActiveCfg = Debug|Win32
		{A233BA57-EDB4-45D8-BD4F-AA3A1F381248}.Debug|x64.ActiveCfg = Debug|x64
		{A233BA57-EDB4-45D8-BD4F-AA3A1F381248}.Debug|x64.Build.0 = Debug|x64
		{A233BA57-EDB4-45D8-BD4F-AA3A1F381248}.Debug|x86.ActiveCfg = Debug|Win32
		{A233BA57-EDB4-45D8-BD4F-AA3A1F381248}.Debug|x86.Build.0 = Debug|Win32
		{A233BA57-EDB4-45D8-BD4F-AA3A1F381248}.Release|Any CPU.ActiveCfg = Release|Win32
		{A233BA57-EDB4-45D8-BD4F-AA3A1F381248}.Release|x64.ActiveCfg = Release|x64
		{A233BA57-EDB4-45D8-BD4F-AA3A1F381248}.Release|x64.Build.0 = Release|x64
		{A233BA57-EDB4-45D8-BD4F-AA3A1F381248}.Release|x86.ActiveCfg = Release|Win32
		{A233BA57-EDB4-45D8-BD4F-AA3A1F381248}.Release|x86.Build.0 = Release|Win32
		{2E3AF92A-5242-4B4E-8C6B-B119FEA6B729}.Debug|Any CPU.ActiveCfg = Debug|Win32
		{2E3AF92A-5242-4B4E-8C6B-B119FEA6B729}.Debug|x64.ActiveCfg = Debug|x64
		{2E3AF92A-5242-4B4E-8C6B-B119FEA6B729}.Debug|x64.Build.0 = Debug|x64
		{2E3AF92A-5242-4B4E-8C6B-B119FEA6B729}.Debug|x86.ActiveCfg = Debug|Win32
		{2E3AF92A-5242-4B4E-8C6B-B119FEA6B729}.Debug|x86.Build.0 = Debug|Win32
		{2E3AF92A-5242-4B4E-8C6B-B119FEA6B729}.Release|Any CPU.ActiveCfg = Release|Win32
		{2E3AF92A-5242-4B4E-8C6B-B119FEA6B729}.Release|x64.ActiveCfg = Release|x64
		{2E3AF92A-5242-4B4E-8C6B-B119FEA6B729}.Release|x64.Build.0 = Release|x64
		{2E3AF92A-5242-4B4E-8C6B-B119FEA6B729}.Release|x86.ActiveCfg = Release|Win32
		{2E3AF92A-5242-4B4E-8C6B-B119FEA6B729}.Release|x86.Build.0 = Release|Win32
		{E12E3FB7-555E-4171-8079-C5F5E58EA7F9}.Debug|Any CPU.ActiveCfg = Debug|Win32
		{E12E3FB7-555E-4171-8079-C5F5E58EA7F9}.Debug|x64.ActiveCfg = Debug|x64
		{E12E3FB7-555E-4171-8079-C5F5E58EA7F9}.Debug|x64.Build.0 = Debug|x64
		{E12E3FB7-555E-4171-8079-C5F5E58EA7F9}.Debug|x86.ActiveCfg = Debug|Win32
		{E12E3FB7-555E-4171-8079-C5F5E58EA7F9}.Debug|x86.Build.0 = Debug|Win32
		{E12E3FB7-555E-4171-8079-C5F5E58EA7F9}.Release|Any CPU.ActiveCfg = Release|Win32
		{E12E3FB7-555E-4171-8079-C5F5E58EA7F9}.Release|x64.ActiveCfg = Release|x64
		{E12E3FB7-555E-4171-8079-C5F5E58EA7F9}.Release|x64.Build.0 = Release|x64
		{E12E3FB7-555E-4171-8079-C5F5E58EA7F9}.Release|x86.ActiveCfg = Release|Win32
		{E12E3FB7-555E-4171-8079-C5F5E58EA7F9}.Release|x86.Build.0 = Release|Win32
	EndGlobalSection
	GlobalSection(SolutionProperties) = preSolution
		HideSolutionNode = FALSE
	EndGlobalSection
	GlobalSection(NestedProjects) = preSolution
		{48CB3064-F23F-4BA4-8882-078C9E4A4DE0} = {1F6C8003-5A74-42D9-B011-E26FEB2C958F}
		{84D99D5A-D25A-4597-95A8-505DB5A98C56} = {B0DDF86A-DBC9-4A37-92E1-5640924956F3}
		{438C42F3-E0D1-461F-828C-C1C98ED59671} = {7BDB0422-E2B7-4904-8A27-421C1713824C}
		{C568E448-9786-446A-982E-630D3D6A52D3} = {7BDB0422-E2B7-4904-8A27-421C1713824C}
		{70683F4C-A1BB-48AD-AB59-E21C7ADB6765} = {7BDB0422-E2B7-4904-8A27-421C1713824C}
		{D15A5436-FB50-4DF3-B14D-6DA1A0A53D95} = {B0DDF86A-DBC9-4A37-92E1-5640924956F3}
		{43B87059-FBB2-4B9D-AA8F-FFCC81575CE2} = {8E86E553-5754-4B10-9676-582D1D4A5C27}
		{15992C8F-9D62-4B4B-836C-CC046022112F} = {7BDB0422-E2B7-4904-8A27-421C1713824C}
		{4D2421AB-2B9B-4367-9555-08F2E84233F5} = {1F6C8003-5A74-42D9-B011-E26FEB2C958F}
		{034A6236-C26E-42D9-88F2-FB1CD697D941} = {B0DDF86A-DBC9-4A37-92E1-5640924956F3}
		{A6EAB992-D381-4790-8A8D-5BD8F8A9A7AD} = {8E86E553-5754-4B10-9676-582D1D4A5C27}
		{C9DDD873-1AD1-4E33-A90A-C8968618938A} = {8E86E553-5754-4B10-9676-582D1D4A5C27}
		{20A4417B-5AC4-4470-A952-FE1D454F80E8} = {1F6C8003-5A74-42D9-B011-E26FEB2C958F}
		{60FE1271-8CAD-468A-BF2C-5D361AA7EBC7} = {1F6C8003-5A74-42D9-B011-E26FEB2C958F}
		{A0343BB5-DBD4-40B6-99D9-21D7F1BC37F8} = {B0DDF86A-DBC9-4A37-92E1-5640924956F3}
		{86B872E6-18EE-4B2B-8965-A72BF9E17279} = {B0DDF86A-DBC9-4A37-92E1-5640924956F3}
		{7DA64542-51D8-4497-8A61-401B86EB20E6} = {8E86E553-5754-4B10-9676-582D1D4A5C27}
		{FF198E4D-0FD2-4AE0-BB42-CD5BC0C89EA3} = {8E86E553-5754-4B10-9676-582D1D4A5C27}
		{8C3AB9DC-B46D-4FEB-AF6F-5E162FA784F8} = {B0DDF86A-DBC9-4A37-92E1-5640924956F3}
		{2024ADAC-5572-4787-9057-825D7DF86AA0} = {8E86E553-5754-4B10-9676-582D1D4A5C27}
		{FD82F47F-B1C9-4B3B-BBB3-95F27C61551F} = {B0DDF86A-DBC9-4A37-92E1-5640924956F3}
		{ED81F39F-279A-4620-AD29-04293B82DD51} = {B0DDF86A-DBC9-4A37-92E1-5640924956F3}
		{86BA7BC0-D55E-4897-8D67-29EAD109B7DA} = {8E86E553-5754-4B10-9676-582D1D4A5C27}
		{7DB0251E-B7F7-46CF-881E-2E560B9C73CE} = {8E86E553-5754-4B10-9676-582D1D4A5C27}
		{08B8D1C4-FB59-4F18-BDA2-C604CC603E5B} = {8E86E553-5754-4B10-9676-582D1D4A5C27}
		{AFACAD45-265F-4921-A6DF-148DEB521B70} = {B0DDF86A-DBC9-4A37-92E1-5640924956F3}
		{1CFB3CC8-B820-4F97-BF3F-6C1BEB1F27FA} = {8E86E553-5754-4B10-9676-582D1D4A5C27}
		{F3D295AA-4FD7-4537-9655-A773D6A25B96} = {7BDB0422-E2B7-4904-8A27-421C1713824C}
		{E98E6723-2325-4E85-97B8-621B0519F57B} = {8E86E553-5754-4B10-9676-582D1D4A5C27}
		{A233BA57-EDB4-45D8-BD4F-AA3A1F381248} = {7BDB0422-E2B7-4904-8A27-421C1713824C}
		{2E3AF92A-5242-4B4E-8C6B-B119FEA6B729} = {B0DDF86A-DBC9-4A37-92E1-5640924956F3}
		{E12E3FB7-555E-4171-8079-C5F5E58EA7F9} = {8E86E553-5754-4B10-9676-582D1D4A5C27}
	EndGlobalSection
	GlobalSection(ExtensibilityGlobals) = postSolution
		SolutionGuid = {B7E65D62-D4AF-419D-A6EB-2BF9FF34A3DB}
	EndGlobalSection
EndGlobal
